
Microsoft Visual Studio Solution File, Format Version 12.00
# Visual Studio Version 17
VisualStudioVersion = 17.10.35122.118
MinimumVisualStudioVersion = 10.0.40219.1
Project("{FAE04EC0-301F-11D3-BF4B-00C04F79EFBC}") = "TargetTeste", "TargetTeste.csproj", "{3EEC223F-AB2C-408C-B4A1-FD511660C580}"
EndProject
Global
	GlobalSection(SolutionConfigurationPlatforms) = preSolution
		Debug|Any CPU = Debug|Any CPU
		Release|Any CPU = Release|Any CPU
	EndGlobalSection
	GlobalSection(ProjectConfigurationPlatforms) = postSolution
		{3EEC223F-AB2C-408C-B4A1-FD511660C580}.Debug|Any CPU.ActiveCfg = Debug|Any CPU
		{3EEC223F-AB2C-408C-B4A1-FD511660C580}.Debug|Any CPU.Build.0 = Debug|Any CPU
		{3EEC223F-AB2C-408C-B4A1-FD511660C580}.Release|Any CPU.ActiveCfg = Release|Any CPU
		{3EEC223F-AB2C-408C-B4A1-FD511660C580}.Release|Any CPU.Build.0 = Release|Any CPU
	EndGlobalSection
	GlobalSection(SolutionProperties) = preSolution
		HideSolutionNode = FALSE
	EndGlobalSection
	GlobalSection(ExtensibilityGlobals) = postSolution
		SolutionGuid = {ADE7239F-666C-46E0-9249-6B9708935C89}
	EndGlobalSection
EndGlobal
